hash: 63203fb52aa88c415ade9301e0c9e91394de7cbefab3cac7d2a3b6faa8b34cff
updated: 2018-09-05T13:26:33.570091565Z
imports:
- name: github.com/ajg/form
  version: cc2954064ec9ea8d93917f0f87456e11d7b881ad
- name: github.com/davecgh/go-spew
  version: 8991bc29aa16c548c550c7ff78260e27b9ab7c73
- name: github.com/dimfeld/httppath
  version: ee938bf735983d53694d79138ad9820efff94c92
- name: github.com/fabric8-services/fabric8-auth
  version: 48c0a1b90a0ff1b7cd8621c67acd8c5c13a4cb3b
- name: github.com/fabric8-services/fabric8-notification
  version: 692cca9c93505c6aa29b928aae05446f82697f8c
- name: github.com/fabric8-services/fabric8-tenant
  version: 383c0525f99b84853a1192900414891c215ddc85
- name: github.com/fabric8-services/fabric8-wit
  version: c0eaf33b0522f211f9c28a7a1b0bd2a98ca7d50a
- name: github.com/goadesign/goa
  version: 5646a430cdeb66983d5ace3384e0a667c185abc7
  subpackages:
  - goagen
- name: github.com/manveru/faker
  version: 9fbc68a78c4dbc7914e1a23f88f126bea4383b97
- name: github.com/satori/go.uuid
  version: 879c5887cd475cd7864858769793b2ceb0d44feb
- name: github.com/spf13/cobra
  version: 7b2c5ac9fc04fc5efafb60700713d4fa609b777b
- name: github.com/spf13/pflag
  version: e57e3eeb33f795204c1ca35f56c44f83227c6e66
- name: github.com/stretchr/testify
  version: 69483b4bd14f5845b5a1e55bca19e954e827f1d0
  subpackages:
  - assert
  - require
- name: github.com/zach-klippenstein/goregen
  version: 795b5e3961ea1912fde60af417ad85e86acc0d6a
- name: golang.org/x/tools
  version: 0aa4b8830f481fed77b73cf7cea2bc3129e05148
  subpackages:
  - go/ast/astutil
- name: gopkg.in/yaml.v2
  version: 5420a8b6744d3b0345ab293f6fcba19c978f1183
testImports: []
